// !$*UTF8*$!
{
	archiveVersion = 1;
	classes = {
	};
	objectVersion = 56;
	objects = {

/* Begin PBXBuildFile section */
		1E450C2C2B98498E00479D86 /* CleanStepsApp.swift in Sources */ = {isa = PBXBuildFile; fileRef = 1E450C2B2B98498E00479D86 /* CleanStepsApp.swift */; };
		1E450C2E2B98498E00479D86 /* ContentView.swift in Sources */ = {isa = PBXBuildFile; fileRef = 1E450C2D2B98498E00479D86 /* ContentView.swift */; };
		1E450C302B98498E00479D86 /* Item.swift in Sources */ = {isa = PBXBuildFile; fileRef = 1E450C2F2B98498E00479D86 /* Item.swift */; };
		1E450C322B98499000479D86 /* Assets.xcassets in Resources */ = {isa = PBXBuildFile; fileRef = 1E450C312B98499000479D86 /* Assets.xcassets */; };
		1E450C362B98499000479D86 /* Preview Assets.xcassets in Resources */ = {isa = PBXBuildFile; fileRef = 1E450C352B98499000479D86 /* Preview Assets.xcassets */; };
		1E450C402B98499000479D86 /* CleanStepsTests.swift in Sources */ = {isa = PBXBuildFile; fileRef = 1E450C3F2B98499000479D86 /* CleanStepsTests.swift */; };
		1E450C4A2B98499000479D86 /* CleanStepsUITests.swift in Sources */ = {isa = PBXBuildFile; fileRef = 1E450C492B98499000479D86 /* CleanStepsUITests.swift */; };
		1E450C4C2B98499000479D86 /* CleanStepsUITestsLaunchTests.swift in Sources */ = {isa = PBXBuildFile; fileRef = 1E450C4B2B98499000479D86 /* CleanStepsUITestsLaunchTests.swift */; };
		1E450C5B2B984A5900479D86 /* Addiction.swift in Sources */ = {isa = PBXBuildFile; fileRef = 1E450C5A2B984A5900479D86 /* Addiction.swift */; };
		1E450C5C2B984A5900479D86 /* Addiction.swift in Sources */ = {isa = PBXBuildFile; fileRef = 1E450C5A2B984A5900479D86 /* Addiction.swift */; };
		1E450C622B985DC000479D86 /* Savings.swift in Sources */ = {isa = PBXBuildFile; fileRef = 1E450C612B985DC000479D86 /* Savings.swift */; };
		1E450C632B985DC000479D86 /* Savings.swift in Sources */ = {isa = PBXBuildFile; fileRef = 1E450C612B985DC000479D86 /* Savings.swift */; };
/* End PBXBuildFile section */

/* Begin PBXContainerItemProxy section */
		1E450C3C2B98499000479D86 /* PBXContainerItemProxy */ = {
			isa = PBXContainerItemProxy;
			containerPortal = 1E450C202B98498E00479D86 /* Project object */;
			proxyType = 1;
			remoteGlobalIDString = 1E450C272B98498E00479D86;
			remoteInfo = CleanSteps;
		};
		1E450C462B98499000479D86 /* PBXContainerItemProxy */ = {
			isa = PBXContainerItemProxy;
			containerPortal = 1E450C202B98498E00479D86 /* Project object */;
			proxyType = 1;
			remoteGlobalIDString = 1E450C272B98498E00479D86;
			remoteInfo = CleanSteps;
		};
/* End PBXContainerItemProxy section */

/* Begin PBXFileReference section */
		1E450C282B98498E00479D86 /* CleanSteps.app */ = {isa = PBXFileReference; explicitFileType = wrapper.application; includeInIndex = 0; path = CleanSteps.app; sourceTree = BUILT_PRODUCTS_DIR; };
		1E450C2B2B98498E00479D86 /* CleanStepsApp.swift */ = {isa = PBXFileReference; lastKnownFileType = sourcecode.swift; path = CleanStepsApp.swift; sourceTree = "<group>"; };
		1E450C2D2B98498E00479D86 /* ContentView.swift */ = {isa = PBXFileReference; lastKnownFileType = sourcecode.swift; path = ContentView.swift; sourceTree = "<group>"; };
		1E450C2F2B98498E00479D86 /* Item.swift */ = {isa = PBXFileReference; lastKnownFileType = sourcecode.swift; path = Item.swift; sourceTree = "<group>"; };
		1E450C312B98499000479D86 /* Assets.xcassets */ = {isa = PBXFileReference; lastKnownFileType = folder.assetcatalog; path = Assets.xcassets; sourceTree = "<group>"; };
		1E450C332B98499000479D86 /* CleanSteps.entitlements */ = {isa = PBXFileReference; lastKnownFileType = text.plist.entitlements; path = CleanSteps.entitlements; sourceTree = "<group>"; };
		1E450C352B98499000479D86 /* Preview Assets.xcassets */ = {isa = PBXFileReference; lastKnownFileType = folder.assetcatalog; path = "Preview Assets.xcassets"; sourceTree = "<group>"; };
		1E450C3B2B98499000479D86 /* CleanStepsTests.xctest */ = {isa = PBXFileReference; explicitFileType = wrapper.cfbundle; includeInIndex = 0; path = CleanStepsTests.xctest; sourceTree = BUILT_PRODUCTS_DIR; };
		1E450C3F2B98499000479D86 /* CleanStepsTests.swift */ = {isa = PBXFileReference; lastKnownFileType = sourcecode.swift; path = CleanStepsTests.swift; sourceTree = "<group>"; };
		1E450C452B98499000479D86 /* CleanStepsUITests.xctest */ = {isa = PBXFileReference; explicitFileType = wrapper.cfbundle; includeInIndex = 0; path = CleanStepsUITests.xctest; sourceTree = BUILT_PRODUCTS_DIR; };
		1E450C492B98499000479D86 /* CleanStepsUITests.swift */ = {isa = PBXFileReference; lastKnownFileType = sourcecode.swift; path = CleanStepsUITests.swift; sourceTree = "<group>"; };
		1E450C4B2B98499000479D86 /* CleanStepsUITestsLaunchTests.swift */ = {isa = PBXFileReference; lastKnownFileType = sourcecode.swift; path = CleanStepsUITestsLaunchTests.swift; sourceTree = "<group>"; };
		1E450C5A2B984A5900479D86 /* Addiction.swift */ = {isa = PBXFileReference; lastKnownFileType = sourcecode.swift; path = Addiction.swift; sourceTree = "<group>"; };
		1E450C602B9855A100479D86 /* Info.plist */ = {isa = PBXFileReference; lastKnownFileType = text.plist; path = Info.plist; sourceTree = "<group>"; };
		1E450C612B985DC000479D86 /* Savings.swift */ = {isa = PBXFileReference; lastKnownFileType = sourcecode.swift; path = Savings.swift; sourceTree = "<group>"; };
/* End PBXFileReference section */

/* Begin PBXFrameworksBuildPhase section */
		1E450C252B98498E00479D86 /* Frameworks */ = {
			isa = PBXFrameworksBuildPhase;
			buildActionMask = 2147483647;
			files = (
			);
			runOnlyForDeploymentPostprocessing = 0;
		};
		1E450C382B98499000479D86 /* Frameworks */ = {
			isa = PBXFrameworksBuildPhase;
			buildActionMask = 2147483647;
			files = (
			);
			runOnlyForDeploymentPostprocessing = 0;
		};
		1E450C422B98499000479D86 /* Frameworks */ = {
			isa = PBXFrameworksBuildPhase;
			buildActionMask = 2147483647;
			files = (
			);
			runOnlyForDeploymentPostprocessing = 0;
		};
/* End PBXFrameworksBuildPhase section */

/* Begin PBXGroup section */
		1E450C1F2B98498E00479D86 = {
			isa = PBXGroup;
			children = (
				1E450C2A2B98498E00479D86 /* CleanSteps */,
				1E450C3E2B98499000479D86 /* CleanStepsTests */,
				1E450C482B98499000479D86 /* CleanStepsUITests */,
				1E450C292B98498E00479D86 /* Products */,
			);
			sourceTree = "<group>";
		};
		1E450C292B98498E00479D86 /* Products */ = {
			isa = PBXGroup;
			children = (
				1E450C282B98498E00479D86 /* CleanSteps.app */,
				1E450C3B2B98499000479D86 /* CleanStepsTests.xctest */,
				1E450C452B98499000479D86 /* CleanStepsUITests.xctest */,
			);
			name = Products;
			sourceTree = "<group>";
		};
		1E450C2A2B98498E00479D86 /* CleanSteps */ = {
			isa = PBXGroup;
			children = (
				1E450C602B9855A100479D86 /* Info.plist */,
				1E450C592B9849D000479D86 /* View */,
				1E450C582B9849C900479D86 /* Model */,
				1E450C2B2B98498E00479D86 /* CleanStepsApp.swift */,
				1E450C312B98499000479D86 /* Assets.xcassets */,
				1E450C332B98499000479D86 /* CleanSteps.entitlements */,
				1E450C342B98499000479D86 /* Preview Content */,
			);
			path = CleanSteps;
			sourceTree = "<group>";
		};
		1E450C342B98499000479D86 /* Preview Content */ = {
			isa = PBXGroup;
			children = (
				1E450C352B98499000479D86 /* Preview Assets.xcassets */,
			);
			path = "Preview Content";
			sourceTree = "<group>";
		};
		1E450C3E2B98499000479D86 /* CleanStepsTests */ = {
			isa = PBXGroup;
			children = (
				1E450C3F2B98499000479D86 /* CleanStepsTests.swift */,
			);
			path = CleanStepsTests;
			sourceTree = "<group>";
		};
		1E450C482B98499000479D86 /* CleanStepsUITests */ = {
			isa = PBXGroup;
			children = (
				1E450C492B98499000479D86 /* CleanStepsUITests.swift */,
				1E450C4B2B98499000479D86 /* CleanStepsUITestsLaunchTests.swift */,
			);
			path = CleanStepsUITests;
			sourceTree = "<group>";
		};
		1E450C582B9849C900479D86 /* Model */ = {
			isa = PBXGroup;
			children = (
				1E450C2F2B98498E00479D86 /* Item.swift */,
				1E450C5A2B984A5900479D86 /* Addiction.swift */,
				1E450C612B985DC000479D86 /* Savings.swift */,
			);
			path = Model;
			sourceTree = "<group>";
		};
		1E450C592B9849D000479D86 /* View */ = {
			isa = PBXGroup;
			children = (
				1E450C2D2B98498E00479D86 /* ContentView.swift */,
			);
			path = View;
			sourceTree = "<group>";
		};
/* End PBXGroup section */

/* Begin PBXNativeTarget section */
		1E450C272B98498E00479D86 /* CleanSteps */ = {
			isa = PBXNativeTarget;
			buildConfigurationList = 1E450C4F2B98499000479D86 /* Build configuration list for PBXNativeTarget "CleanSteps" */;
			buildPhases = (
				1E450C242B98498E00479D86 /* Sources */,
				1E450C252B98498E00479D86 /* Frameworks */,
				1E450C262B98498E00479D86 /* Resources */,
			);
			buildRules = (
			);
			dependencies = (
			);
			name = CleanSteps;
			productName = CleanSteps;
			productReference = 1E450C282B98498E00479D86 /* CleanSteps.app */;
			productType = "com.apple.product-type.application";
		};
		1E450C3A2B98499000479D86 /* CleanStepsTests */ = {
			isa = PBXNativeTarget;
			buildConfigurationList = 1E450C522B98499000479D86 /* Build configuration list for PBXNativeTarget "CleanStepsTests" */;
			buildPhases = (
				1E450C372B98499000479D86 /* Sources */,
				1E450C382B98499000479D86 /* Frameworks */,
				1E450C392B98499000479D86 /* Resources */,
			);
			buildRules = (
			);
			dependencies = (
				1E450C3D2B98499000479D86 /* PBXTargetDependency */,
			);
			name = CleanStepsTests;
			productName = CleanStepsTests;
			productReference = 1E450C3B2B98499000479D86 /* CleanStepsTests.xctest */;
			productType = "com.apple.product-type.bundle.unit-test";
		};
		1E450C442B98499000479D86 /* CleanStepsUITests */ = {
			isa = PBXNativeTarget;
			buildConfigurationList = 1E450C552B98499000479D86 /* Build configuration list for PBXNativeTarget "CleanStepsUITests" */;
			buildPhases = (
				1E450C412B98499000479D86 /* Sources */,
				1E450C422B98499000479D86 /* Frameworks */,
				1E450C432B98499000479D86 /* Resources */,
			);
			buildRules = (
			);
			dependencies = (
				1E450C472B98499000479D86 /* PBXTargetDependency */,
			);
			name = CleanStepsUITests;
			productName = CleanStepsUITests;
			productReference = 1E450C452B98499000479D86 /* CleanStepsUITests.xctest */;
			productType = "com.apple.product-type.bundle.ui-testing";
		};
/* End PBXNativeTarget section */

/* Begin PBXProject section */
		1E450C202B98498E00479D86 /* Project object */ = {
			isa = PBXProject;
			attributes = {
				BuildIndependentTargetsInParallel = 1;
				LastSwiftUpdateCheck = 1530;
				LastUpgradeCheck = 1530;
				TargetAttributes = {
					1E450C272B98498E00479D86 = {
						CreatedOnToolsVersion = 15.3;
					};
					1E450C3A2B98499000479D86 = {
						CreatedOnToolsVersion = 15.3;
						TestTargetID = 1E450C272B98498E00479D86;
					};
					1E450C442B98499000479D86 = {
						CreatedOnToolsVersion = 15.3;
						TestTargetID = 1E450C272B98498E00479D86;
					};
				};
			};
			buildConfigurationList = 1E450C232B98498E00479D86 /* Build configuration list for PBXProject "CleanSteps" */;
			compatibilityVersion = "Xcode 14.0";
			developmentRegion = en;
			hasScannedForEncodings = 0;
			knownRegions = (
				en,
				Base,
			);
			mainGroup = 1E450C1F2B98498E00479D86;
			productRefGroup = 1E450C292B98498E00479D86 /* Products */;
			projectDirPath = "";
			projectRoot = "";
			targets = (
				1E450C272B98498E00479D86 /* CleanSteps */,
				1E450C3A2B98499000479D86 /* CleanStepsTests */,
				1E450C442B98499000479D86 /* CleanStepsUITests */,
			);
		};
/* End PBXProject section */

/* Begin PBXResourcesBuildPhase section */
		1E450C262B98498E00479D86 /* Resources */ = {
			isa = PBXResourcesBuildPhase;
			buildActionMask = 2147483647;
			files = (
				1E450C362B98499000479D86 /* Preview Assets.xcassets in Resources */,
				1E450C322B98499000479D86 /* Assets.xcassets in Resources */,
			);
			runOnlyForDeploymentPostprocessing = 0;
		};
		1E450C392B98499000479D86 /* Resources */ = {
			isa = PBXResourcesBuildPhase;
			buildActionMask = 2147483647;
			files = (
			);
			runOnlyForDeploymentPostprocessing = 0;
		};
		1E450C432B98499000479D86 /* Resources */ = {
			isa = PBXResourcesBuildPhase;
			buildActionMask = 2147483647;
			files = (
			);
			runOnlyForDeploymentPostprocessing = 0;
		};
/* End PBXResourcesBuildPhase section */

/* Begin PBXSourcesBuildPhase section */
		1E450C242B98498E00479D86 /* Sources */ = {
			isa = PBXSourcesBuildPhase;
			buildActionMask = 2147483647;
			files = (
				1E450C2E2B98498E00479D86 /* ContentView.swift in Sources */,
				1E450C5B2B984A5900479D86 /* Addiction.swift in Sources */,
				1E450C622B985DC000479D86 /* Savings.swift in Sources */,
				1E450C302B98498E00479D86 /* Item.swift in Sources */,
				1E450C2C2B98498E00479D86 /* CleanStepsApp.swift in Sources */,
			);
			runOnlyForDeploymentPostprocessing = 0;
		};
		1E450C372B98499000479D86 /* Sources */ = {
			isa = PBXSourcesBuildPhase;
			buildActionMask = 2147483647;
			files = (
				1E450C402B98499000479D86 /* CleanStepsTests.swift in Sources */,
				1E450C5C2B984A5900479D86 /* Addiction.swift in Sources */,
				1E450C632B985DC000479D86 /* Savings.swift in Sources */,
			);
			runOnlyForDeploymentPostprocessing = 0;
		};
		1E450C412B98499000479D86 /* Sources */ = {
			isa = PBXSourcesBuildPhase;
			buildActionMask = 2147483647;
			files = (
				1E450C4C2B98499000479D86 /* CleanStepsUITestsLaunchTests.swift in Sources */,
				1E450C4A2B98499000479D86 /* CleanStepsUITests.swift in Sources */,
			);
			runOnlyForDeploymentPostprocessing = 0;
		};
/* End PBXSourcesBuildPhase section */

/* Begin PBXTargetDependency section */
		1E450C3D2B98499000479D86 /* PBXTargetDependency */ = {
			isa = PBXTargetDependency;
			target = 1E450C272B98498E00479D86 /* CleanSteps */;
			targetProxy = 1E450C3C2B98499000479D86 /* PBXContainerItemProxy */;
		};
		1E450C472B98499000479D86 /* PBXTargetDependency */ = {
			isa = PBXTargetDependency;
			target = 1E450C272B98498E00479D86 /* CleanSteps */;
			targetProxy = 1E450C462B98499000479D86 /* PBXContainerItemProxy */;
		};
/* End PBXTargetDependency section */

/* Begin XCBuildConfiguration section */
		1E450C4D2B98499000479D86 /* Debug */ = {
			isa = XCBuildConfiguration;
			buildSettings = {
				ALWAYS_SEARCH_USER_PATHS = NO;
				ASSETCATALOG_COMPILER_GENERATE_SWIFT_ASSET_SYMBOL_EXTENSIONS = YES;
				CLANG_ANALYZER_NONNULL = YES;
				CLANG_ANALYZER_NUMBER_OBJECT_CONVERSION = YES_AGGRESSIVE;
				CLANG_CXX_LANGUAGE_STANDARD = "gnu++20";
				CLANG_ENABLE_MODULES = YES;
				CLANG_ENABLE_OBJC_ARC = YES;
				CLANG_ENABLE_OBJC_WEAK = YES;
				CLANG_WARN_BLOCK_CAPTURE_AUTORELEASING = YES;
				CLANG_WARN_BOOL_CONVERSION = YES;
				CLANG_WARN_COMMA = YES;
				CLANG_WARN_CONSTANT_CONVERSION = YES;
				CLANG_WARN_DEPRECATED_OBJC_IMPLEMENTATIONS = YES;
				CLANG_WARN_DIRECT_OBJC_ISA_USAGE = YES_ERROR;
				CLANG_WARN_DOCUMENTATION_COMMENTS = YES;
				CLANG_WARN_EMPTY_BODY = YES;
				CLANG_WARN_ENUM_CONVERSION = YES;
				CLANG_WARN_INFINITE_RECURSION = YES;
				CLANG_WARN_INT_CONVERSION = YES;
				CLANG_WARN_NON_LITERAL_NULL_CONVERSION = YES;
				CLANG_WARN_OBJC_IMPLICIT_RETAIN_SELF = YES;
				CLANG_WARN_OBJC_LITERAL_CONVERSION = YES;
				CLANG_WARN_OBJC_ROOT_CLASS = YES_ERROR;
				CLANG_WARN_QUOTED_INCLUDE_IN_FRAMEWORK_HEADER = YES;
				CLANG_WARN_RANGE_LOOP_ANALYSIS = YES;
				CLANG_WARN_STRICT_PROTOTYPES = YES;
				CLANG_WARN_SUSPICIOUS_MOVE = YES;
				CLANG_WARN_UNGUARDED_AVAILABILITY = YES_AGGRESSIVE;
				CLANG_WARN_UNREACHABLE_CODE = YES;
				CLANG_WARN__DUPLICATE_METHOD_MATCH = YES;
				COPY_PHASE_STRIP = NO;
				DEBUG_INFORMATION_FORMAT = dwarf;
				ENABLE_STRICT_OBJC_MSGSEND = YES;
				ENABLE_TESTABILITY = YES;
				ENABLE_USER_SCRIPT_SANDBOXING = YES;
				GCC_C_LANGUAGE_STANDARD = gnu17;
				GCC_DYNAMIC_NO_PIC = NO;
				GCC_NO_COMMON_BLOCKS = YES;
				GCC_OPTIMIZATION_LEVEL = 0;
				GCC_PREPROCESSOR_DEFINITIONS = (
					"DEBUG=1",
					"$(inherited)",
				);
				GCC_WARN_64_TO_32_BIT_CONVERSION = YES;
				GCC_WARN_ABOUT_RETURN_TYPE = YES_ERROR;
				GCC_WARN_UNDECLARED_SELECTOR = YES;
				GCC_WARN_UNINITIALIZED_AUTOS = YES_AGGRESSIVE;
				GCC_WARN_UNUSED_FUNCTION = YES;
				GCC_WARN_UNUSED_VARIABLE = YES;
				LOCALIZATION_PREFERS_STRING_CATALOGS = YES;
				MTL_ENABLE_DEBUG_INFO = INCLUDE_SOURCE;
				MTL_FAST_MATH = YES;
				ONLY_ACTIVE_ARCH = YES;
				SWIFT_ACTIVE_COMPILATION_CONDITIONS = "DEBUG $(inherited)";
				SWIFT_OPTIMIZATION_LEVEL = "-Onone";
			};
			name = Debug;
		};
		1E450C4E2B98499000479D86 /* Release */ = {
			isa = XCBuildConfiguration;
			buildSettings = {
				ALWAYS_SEARCH_USER_PATHS = NO;
				ASSETCATALOG_COMPILER_GENERATE_SWIFT_ASSET_SYMBOL_EXTENSIONS = YES;
				CLANG_ANALYZER_NONNULL = YES;
				CLANG_ANALYZER_NUMBER_OBJECT_CONVERSION = YES_AGGRESSIVE;
				CLANG_CXX_LANGUAGE_STANDARD = "gnu++20";
				CLANG_ENABLE_MODULES = YES;
				CLANG_ENABLE_OBJC_ARC = YES;
				CLANG_ENABLE_OBJC_WEAK = YES;
				CLANG_WARN_BLOCK_CAPTURE_AUTORELEASING = YES;
				CLANG_WARN_BOOL_CONVERSION = YES;
				CLANG_WARN_COMMA = YES;
				CLANG_WARN_CONSTANT_CONVERSION = YES;
				CLANG_WARN_DEPRECATED_OBJC_IMPLEMENTATIONS = YES;
				CLANG_WARN_DIRECT_OBJC_ISA_USAGE = YES_ERROR;
				CLANG_WARN_DOCUMENTATION_COMMENTS = YES;
				CLANG_WARN_EMPTY_BODY = YES;
				CLANG_WARN_ENUM_CONVERSION = YES;
				CLANG_WARN_INFINITE_RECURSION = YES;
				CLANG_WARN_INT_CONVERSION = YES;
				CLANG_WARN_NON_LITERAL_NULL_CONVERSION = YES;
				CLANG_WARN_OBJC_IMPLICIT_RETAIN_SELF = YES;
				CLANG_WARN_OBJC_LITERAL_CONVERSION = YES;
				CLANG_WARN_OBJC_ROOT_CLASS = YES_ERROR;
				CLANG_WARN_QUOTED_INCLUDE_IN_FRAMEWORK_HEADER = YES;
				CLANG_WARN_RANGE_LOOP_ANALYSIS = YES;
				CLANG_WARN_STRICT_PROTOTYPES = YES;
				CLANG_WARN_SUSPICIOUS_MOVE = YES;
				CLANG_WARN_UNGUARDED_AVAILABILITY = YES_AGGRESSIVE;
				CLANG_WARN_UNREACHABLE_CODE = YES;
				CLANG_WARN__DUPLICATE_METHOD_MATCH = YES;
				COPY_PHASE_STRIP = NO;
				DEBUG_INFORMATION_FORMAT = "dwarf-with-dsym";
				ENABLE_NS_ASSERTIONS = NO;
				ENABLE_STRICT_OBJC_MSGSEND = YES;
				ENABLE_USER_SCRIPT_SANDBOXING = YES;
				GCC_C_LANGUAGE_STANDARD = gnu17;
				GCC_NO_COMMON_BLOCKS = YES;
				GCC_WARN_64_TO_32_BIT_CONVERSION = YES;
				GCC_WARN_ABOUT_RETURN_TYPE = YES_ERROR;
				GCC_WARN_UNDECLARED_SELECTOR = YES;
				GCC_WARN_UNINITIALIZED_AUTOS = YES_AGGRESSIVE;
				GCC_WARN_UNUSED_FUNCTION = YES;
				GCC_WARN_UNUSED_VARIABLE = YES;
				LOCALIZATION_PREFERS_STRING_CATALOGS = YES;
				MTL_ENABLE_DEBUG_INFO = NO;
				MTL_FAST_MATH = YES;
				SWIFT_COMPILATION_MODE = wholemodule;
			};
			name = Release;
		};
		1E450C502B98499000479D86 /* Debug */ = {
			isa = XCBuildConfiguration;
			buildSettings = {
				ASSETCATALOG_COMPILER_APPICON_NAME = AppIcon;
				ASSETCATALOG_COMPILER_GLOBAL_ACCENT_COLOR_NAME = AccentColor;
				CODE_SIGN_ENTITLEMENTS = CleanSteps/CleanSteps.entitlements;
				CODE_SIGN_STYLE = Automatic;
				CURRENT_PROJECT_VERSION = 1;
				DEVELOPMENT_ASSET_PATHS = "\"CleanSteps/Preview Content\"";
				DEVELOPMENT_TEAM = F54NBB76Q7;
				ENABLE_HARDENED_RUNTIME = YES;
				"ENABLE_HARDENED_RUNTIME[sdk=macosx*]" = YES;
				ENABLE_PREVIEWS = YES;
				GENERATE_INFOPLIST_FILE = YES;
				INFOPLIST_FILE = CleanSteps/Info.plist;
				INFOPLIST_KEY_CFBundleDisplayName = CleanSteps;
				INFOPLIST_KEY_LSApplicationCategoryType = "public.app-category.lifestyle";
				"INFOPLIST_KEY_UIApplicationSceneManifest_Generation[sdk=iphoneos*]" = YES;
				"INFOPLIST_KEY_UIApplicationSceneManifest_Generation[sdk=iphonesimulator*]" = YES;
				"INFOPLIST_KEY_UIApplicationSupportsIndirectInputEvents[sdk=iphoneos*]" = YES;
				"INFOPLIST_KEY_UIApplicationSupportsIndirectInputEvents[sdk=iphonesimulator*]" = YES;
				"INFOPLIST_KEY_UILaunchScreen_Generation[sdk=iphoneos*]" = YES;
				"INFOPLIST_KEY_UILaunchScreen_Generation[sdk=iphonesimulator*]" = YES;
				"INFOPLIST_KEY_UIStatusBarStyle[sdk=iphoneos*]" = UIStatusBarStyleDefault;
				"INFOPLIST_KEY_UIStatusBarStyle[sdk=iphonesimulator*]" = UIStatusBarStyleDefault;
				INFOPLIST_KEY_UISupportedInterfaceOrientations_iPad = "UIInterfaceOrientationPortrait UIInterfaceOrientationPortraitUpsideDown UIInterfaceOrientationLandscapeLeft UIInterfaceOrientationLandscapeRight";
				INFOPLIST_KEY_UISupportedInterfaceOrientations_iPhone = "UIInterfaceOrientationPortrait UIInterfaceOrientationLandscapeLeft UIInterfaceOrientationLandscapeRight";
				IPHONEOS_DEPLOYMENT_TARGET = 17.4;
				LD_RUNPATH_SEARCH_PATHS = "@executable_path/Frameworks";
				"LD_RUNPATH_SEARCH_PATHS[sdk=macosx*]" = "@executable_path/../Frameworks";
				MACOSX_DEPLOYMENT_TARGET = 14.0;
				MARKETING_VERSION = 1.0;
				PRODUCT_BUNDLE_IDENTIFIER = com.Lygre.CleanSteps;
				PRODUCT_NAME = "$(TARGET_NAME)";
				SDKROOT = auto;
				SUPPORTED_PLATFORMS = "iphoneos iphonesimulator macosx";
				SWIFT_EMIT_LOC_STRINGS = YES;
				SWIFT_VERSION = 5.0;
				TARGETED_DEVICE_FAMILY = "1,2";
			};
			name = Debug;
		};
		1E450C512B98499000479D86 /* Release */ = {
			isa = XCBuildConfiguration;
			buildSettings = {
				ASSETCATALOG_COMPILER_APPICON_NAME = AppIcon;
				ASSETCATALOG_COMPILER_GLOBAL_ACCENT_COLOR_NAME = AccentColor;
				CODE_SIGN_ENTITLEMENTS = CleanSteps/CleanSteps.entitlements;
				CODE_SIGN_STYLE = Automatic;
				CURRENT_PROJECT_VERSION = 1;
				DEVELOPMENT_ASSET_PATHS = "\"CleanSteps/Preview Content\"";
				DEVELOPMENT_TEAM = F54NBB76Q7;
				ENABLE_HARDENED_RUNTIME = YES;
				"ENABLE_HARDENED_RUNTIME[sdk=macosx*]" = YES;
				ENABLE_PREVIEWS = YES;
				GENERATE_INFOPLIST_FILE = YES;
				INFOPLIST_FILE = CleanSteps/Info.plist;
				INFOPLIST_KEY_CFBundleDisplayName = CleanSteps;
				INFOPLIST_KEY_LSApplicationCategoryType = "public.app-category.lifestyle";
				"INFOPLIST_KEY_UIApplicationSceneManifest_Generation[sdk=iphoneos*]" = YES;
				"INFOPLIST_KEY_UIApplicationSceneManifest_Generation[sdk=iphonesimulator*]" = YES;
				"INFOPLIST_KEY_UIApplicationSupportsIndirectInputEvents[sdk=iphoneos*]" = YES;
				"INFOPLIST_KEY_UIApplicationSupportsIndirectInputEvents[sdk=iphonesimulator*]" = YES;
				"INFOPLIST_KEY_UILaunchScreen_Generation[sdk=iphoneos*]" = YES;
				"INFOPLIST_KEY_UILaunchScreen_Generation[sdk=iphonesimulator*]" = YES;
				"INFOPLIST_KEY_UIStatusBarStyle[sdk=iphoneos*]" = UIStatusBarStyleDefault;
				"INFOPLIST_KEY_UIStatusBarStyle[sdk=iphonesimulator*]" = UIStatusBarStyleDefault;
				INFOPLIST_KEY_UISupportedInterfaceOrientations_iPad = "UIInterfaceOrientationPortrait UIInterfaceOrientationPortraitUpsideDown UIInterfaceOrientationLandscapeLeft UIInterfaceOrientationLandscapeRight";
				INFOPLIST_KEY_UISupportedInterfaceOrientations_iPhone = "UIInterfaceOrientationPortrait UIInterfaceOrientationLandscapeLeft UIInterfaceOrientationLandscapeRight";
				IPHONEOS_DEPLOYMENT_TARGET = 17.4;
				LD_RUNPATH_SEARCH_PATHS = "@executable_path/Frameworks";
				"LD_RUNPATH_SEARCH_PATHS[sdk=macosx*]" = "@executable_path/../Frameworks";
				MACOSX_DEPLOYMENT_TARGET = 14.0;
				MARKETING_VERSION = 1.0;
				PRODUCT_BUNDLE_IDENTIFIER = com.Lygre.CleanSteps;
				PRODUCT_NAME = "$(TARGET_NAME)";
				SDKROOT = auto;
				SUPPORTED_PLATFORMS = "iphoneos iphonesimulator macosx";
				SWIFT_EMIT_LOC_STRINGS = YES;
				SWIFT_VERSION = 5.0;
				TARGETED_DEVICE_FAMILY = "1,2";
			};
			name = Release;
		};
		1E450C532B98499000479D86 /* Debug */ = {
			isa = XCBuildConfiguration;
			buildSettings = {
				ALWAYS_EMBED_SWIFT_STANDARD_LIBRARIES = YES;
				BUNDLE_LOADER = "$(TEST_HOST)";
				CODE_SIGN_STYLE = Automatic;
				CURRENT_PROJECT_VERSION = 1;
				DEVELOPMENT_TEAM = F54NBB76Q7;
				GENERATE_INFOPLIST_FILE = YES;
				IPHONEOS_DEPLOYMENT_TARGET = 17.4;
				MACOSX_DEPLOYMENT_TARGET = 14.2;
				MARKETING_VERSION = 1.0;
				PRODUCT_BUNDLE_IDENTIFIER = com.Lygre.CleanStepsTests;
				PRODUCT_NAME = "$(TARGET_NAME)";
				SDKROOT = auto;
				SUPPORTED_PLATFORMS = "iphoneos iphonesimulator macosx";
				SWIFT_EMIT_LOC_STRINGS = NO;
				SWIFT_VERSION = 5.0;
				TARGETED_DEVICE_FAMILY = "1,2";
				TEST_HOST = "$(BUILT_PRODUCTS_DIR)/CleanSteps.app/$(BUNDLE_EXECUTABLE_FOLDER_PATH)/CleanSteps";
			};
			name = Debug;
		};
		1E450C542B98499000479D86 /* Release */ = {
			isa = XCBuildConfiguration;
			buildSettings = {
				ALWAYS_EMBED_SWIFT_STANDARD_LIBRARIES = YES;
				BUNDLE_LOADER = "$(TEST_HOST)";
				CODE_SIGN_STYLE = Automatic;
				CURRENT_PROJECT_VERSION = 1;
				DEVELOPMENT_TEAM = F54NBB76Q7;
				GENERATE_INFOPLIST_FILE = YES;
				IPHONEOS_DEPLOYMENT_TARGET = 17.4;
				MACOSX_DEPLOYMENT_TARGET = 14.2;
				MARKETING_VERSION = 1.0;
				PRODUCT_BUNDLE_IDENTIFIER = com.Lygre.CleanStepsTests;
				PRODUCT_NAME = "$(TARGET_NAME)";
				SDKROOT = auto;
				SUPPORTED_PLATFORMS = "iphoneos iphonesimulator macosx";
				SWIFT_EMIT_LOC_STRINGS = NO;
				SWIFT_VERSION = 5.0;
				TARGETED_DEVICE_FAMILY = "1,2";
				TEST_HOST = "$(BUILT_PRODUCTS_DIR)/CleanSteps.app/$(BUNDLE_EXECUTABLE_FOLDER_PATH)/CleanSteps";
			};
			name = Release;
		};
		1E450C562B98499000479D86 /* Debug */ = {
			isa = XCBuildConfiguration;
			buildSettings = {
				ALWAYS_EMBED_SWIFT_STANDARD_LIBRARIES = YES;
				CODE_SIGN_STYLE = Automatic;
				CURRENT_PROJECT_VERSION = 1;
				DEVELOPMENT_TEAM = F54NBB76Q7;
				GENERATE_INFOPLIST_FILE = YES;
				IPHONEOS_DEPLOYMENT_TARGET = 17.4;
				MACOSX_DEPLOYMENT_TARGET = 14.2;
				MARKETING_VERSION = 1.0;
				PRODUCT_BUNDLE_IDENTIFIER = com.Lygre.CleanStepsUITests;
				PRODUCT_NAME = "$(TARGET_NAME)";
				SDKROOT = auto;
				SUPPORTED_PLATFORMS = "iphoneos iphonesimulator macosx";
				SWIFT_EMIT_LOC_STRINGS = NO;
				SWIFT_VERSION = 5.0;
				TARGETED_DEVICE_FAMILY = "1,2";
				TEST_TARGET_NAME = CleanSteps;
			};
			name = Debug;
		};
		1E450C572B98499000479D86 /* Release */ = {
			isa = XCBuildConfiguration;
			buildSettings = {
				ALWAYS_EMBED_SWIFT_STANDARD_LIBRARIES = YES;
				CODE_SIGN_STYLE = Automatic;
				CURRENT_PROJECT_VERSION = 1;
				DEVELOPMENT_TEAM = F54NBB76Q7;
				GENERATE_INFOPLIST_FILE = YES;
				IPHONEOS_DEPLOYMENT_TARGET = 17.4;
				MACOSX_DEPLOYMENT_TARGET = 14.2;
				MARKETING_VERSION = 1.0;
				PRODUCT_BUNDLE_IDENTIFIER = com.Lygre.CleanStepsUITests;
				PRODUCT_NAME = "$(TARGET_NAME)";
				SDKROOT = auto;
				SUPPORTED_PLATFORMS = "iphoneos iphonesimulator macosx";
				SWIFT_EMIT_LOC_STRINGS = NO;
				SWIFT_VERSION = 5.0;
				TARGETED_DEVICE_FAMILY = "1,2";
				TEST_TARGET_NAME = CleanSteps;
			};
			name = Release;
		};
/* End XCBuildConfiguration section */

/* Begin XCConfigurationList section */
		1E450C232B98498E00479D86 /* Build configuration list for PBXProject "CleanSteps" */ = {
			isa = XCConfigurationList;
			buildConfigurations = (
				1E450C4D2B98499000479D86 /* Debug */,
				1E450C4E2B98499000479D86 /* Release */,
			);
			defaultConfigurationIsVisible = 0;
			defaultConfigurationName = Release;
		};
		1E450C4F2B98499000479D86 /* Build configuration list for PBXNativeTarget "CleanSteps" */ = {
			isa = XCConfigurationList;
			buildConfigurations = (
				1E450C502B98499000479D86 /* Debug */,
				1E450C512B98499000479D86 /* Release */,
			);
			defaultConfigurationIsVisible = 0;
			defaultConfigurationName = Release;
		};
		1E450C522B98499000479D86 /* Build configuration list for PBXNativeTarget "CleanStepsTests" */ = {
			isa = XCConfigurationList;
			buildConfigurations = (
				1E450C532B98499000479D86 /* Debug */,
				1E450C542B98499000479D86 /* Release */,
			);
			defaultConfigurationIsVisible = 0;
			defaultConfigurationName = Release;
		};
		1E450C552B98499000479D86 /* Build configuration list for PBXNativeTarget "CleanStepsUITests" */ = {
			isa = XCConfigurationList;
			buildConfigurations = (
				1E450C562B98499000479D86 /* Debug */,
				1E450C572B98499000479D86 /* Release */,
			);
			defaultConfigurationIsVisible = 0;
			defaultConfigurationName = Release;
		};
/* End XCConfigurationList section */
	};
	rootObject = 1E450C202B98498E00479D86 /* Project object */;
}
